
Microsoft Visual Studio Solution File, Format Version 12.00
# Visual Studio 2012
Project("{FAE04EC0-301F-11D3-BF4B-00C04F79EFBC}") = "SyslogTrace", "SyslogTrace\SyslogTrace.csproj", "{5CD6D7D9-BA6C-4633-9009-85108694A03A}"
EndProject
Global
	GlobalSection(SolutionConfigurationPlatforms) = preSolution
		Debug|Any CPU = Debug|Any CPU
		Release|Any CPU = Release|Any CPU
	EndGlobalSection
	GlobalSection(ProjectConfigurationPlatforms) = postSolution
		{5CD6D7D9-BA6C-4633-9009-85108694A03A}.Debug|Any CPU.ActiveCfg = Debug|Any CPU
		{5CD6D7D9-BA6C-4633-9009-85108694A03A}.Debug|Any CPU.Build.0 = Debug|Any CPU
		{5CD6D7D9-BA6C-4633-9009-85108694A03A}.Release|Any CPU.ActiveCfg = Release|Any CPU
		{5CD6D7D9-BA6C-4633-9009-85108694A03A}.Release|Any CPU.Build.0 = Release|Any CPU
	EndGlobalSection
	GlobalSection(MonoDevelopProperties) = preSolution
		StartupItem = SyslogTrace\SyslogTrace.csproj
	EndGlobalSection
EndGlobal
